# This file is machine-generated by `gh actions-lock`.
# Do not edit by hand; run `gh actions-lock` to update.
# Docs: https://gh.io/actions-lockfile
version: 'v0.0.2'
workflows:
    '.github/workflows/codeql.yml':
        - 'actions/checkout@v4.1.1'
        - 'github/codeql-action@v3.37.3'
    '.github/workflows/config-gen.yml':
        - 'actions/checkout@v4.1.1'
    '.github/workflows/governance.yml': []
    '.github/workflows/hypatia-scan.yml': []
    '.github/workflows/idris-ci.yml':
        - 'actions/checkout@v4.1.1'
    '.github/workflows/label-triage.yml': []
    '.github/workflows/labels.yml': []
    '.github/workflows/licence-hygiene.yml':
        - 'actions/checkout@v4.1.1'
    '.github/workflows/oikosbot.yml':
        - 'actions/checkout@v4.4.0'
        - 'github/codeql-action@v3.37.7'
        - 'hyperpolymath/oikosbot@v0.1.1'
    '.github/workflows/pages.yml':
        - 'actions/checkout@v4.1.1'
        - 'actions/deploy-pages@v5.0.0'
        - 'actions/upload-pages-artifact@v5.0.0'
    '.github/workflows/push-email-notify.yml':
        - 'dawidd6/action-send-mail@v3.12.0'
    '.github/workflows/rust-ci.yml':
        - 'actions/cache@v4.2.0'
        - 'actions/checkout@v4.1.1'
    '.github/workflows/secret-scanner.yml': []
    '.github/workflows/zig-ci.yml':
        - 'actions/checkout@v4.1.1'
        - 'mlugg/setup-zig@v2.0.5'
dependencies:
    'actions/cache@v4.2.0':
        ref: 'v4.2.0'
        commit: 'sha1-1bd1e32a3bdc45362d1e726936510720a7c30a57'
        owner_id: 44036562
        repo_id: 215566462
    'actions/checkout@v4.1.1':
        ref: 'v4.1.1'
        commit: 'sha1-b4ffde65f46336ab88eb53be808477a3936bae11'
        owner_id: 44036562
        repo_id: 197814629
    'actions/checkout@v4.4.0':
        ref: 'v4.4.0'
        commit: 'sha1-11d5960a326750d5838078e36cf38b85af677262'
        owner_id: 44036562
        repo_id: 197814629
    'actions/deploy-pages@v5.0.0':
        ref: 'v5.0.0'
        commit: 'sha1-cd2ce8fcbc39b97be8ca5fce6e763baed58fa128'
        owner_id: 44036562
        repo_id: 438112499
    'actions/upload-artifact@bbbca2ddaa5d8feaa63e36b76fdaad77386f024f':
        ref: 'v7.0.0'
        commit: 'sha1-bbbca2ddaa5d8feaa63e36b76fdaad77386f024f'
        owner_id: 44036562
        repo_id: 192625955
    'actions/upload-pages-artifact@v5.0.0':
        ref: 'v5.0.0'
        commit: 'sha1-fc324d3547104276b827a68afc52ff2a11cc49c9'
        owner_id: 44036562
        repo_id: 496012378
        uses:
            - 'actions/upload-artifact@bbbca2ddaa5d8feaa63e36b76fdaad77386f024f'
    'dawidd6/action-send-mail@v3.12.0':
        ref: 'v3.12.0'
        commit: 'sha1-6e502825a508b867ab2954ad6343b68787624c01'
        owner_id: 9713907
        repo_id: 222439721
    'github/codeql-action@v3.37.3':
        ref: 'v3.37.3'
        commit: 'sha1-4187e74d05793876e9989daffde9c3e66b4acd07'
        owner_id: 9919
        repo_id: 259445878
    'github/codeql-action@v3.37.7':
        ref: 'v3.37.7'
        commit: 'sha1-f3712979fa5f215279b101dd0a2e3bdfb4353324'
        owner_id: 9919
        repo_id: 259445878
    'hyperpolymath/oikosbot@v0.1.1':
        ref: 'v0.1.1'
        commit: 'sha1-f00dec4597dde6071a7f0fe38414c13b5847f316'
        owner_id: 6759885
        repo_id: 1274526902
    'mlugg/setup-zig@v2.0.5':
        ref: 'v2.0.5'
        commit: 'sha1-8d6198c65fb0feaa111df26e6b467fea8345e46f'
        owner_id: 7289241
        repo_id: 812112570
